
Microsoft Visual Studio Solution File, Format Version 12.00
# Visual Studio Version 16
VisualStudioVersion = 16.0.29926.136
MinimumVisualStudioVersion = 10.0.40219.1
Project("{FAE04EC0-301F-11D3-BF4B-00C04F79EFBC}") = "Extension", "Extension\Extension.csproj", "{776BC32F-E1E6-41CD-9046-AA5956D301DB}"
EndProject
Global
	GlobalSection(SolutionConfigurationPlatforms) = preSolution
		Debug|Any CPU = Debug|Any CPU
		Release|Any CPU = Release|Any CPU
	EndGlobalSection
	GlobalSection(ProjectConfigurationPlatforms) = postSolution
		{776BC32F-E1E6-41CD-9046-AA5956D301DB}.Debug|Any CPU.ActiveCfg = Debug|Any CPU
		{776BC32F-E1E6-41CD-9046-AA5956D301DB}.Debug|Any CPU.Build.0 = Debug|Any CPU
		{776BC32F-E1E6-41CD-9046-AA5956D301DB}.Release|Any CPU.ActiveCfg = Release|Any CPU
		{776BC32F-E1E6-41CD-9046-AA5956D301DB}.Release|Any CPU.Build.0 = Release|Any CPU
	EndGlobalSection
	GlobalSection(SolutionProperties) = preSolution
		HideSolutionNode = FALSE
	EndGlobalSection
	GlobalSection(ExtensibilityGlobals) = postSolution
		SolutionGuid = {9E3B93FC-ABCF-4256-B8EF-0DB0B6545F1C}
	EndGlobalSection
EndGlobal
