
Microsoft Visual Studio Solution File, Format Version 12.00
# Visual Studio Version 16
VisualStudioVersion = 16.0.30413.136
MinimumVisualStudioVersion = 10.0.40219.1
Project("{FAE04EC0-301F-11D3-BF4B-00C04F79EFBC}") = "Class", "Class.csproj", "{B083FC98-02D0-4D96-B53A-34ACA79CDE5F}"
EndProject
Global
	GlobalSection(SolutionConfigurationPlatforms) = preSolution
		Debug|Any CPU = Debug|Any CPU
		Release|Any CPU = Release|Any CPU
	EndGlobalSection
	GlobalSection(ProjectConfigurationPlatforms) = postSolution
		{B083FC98-02D0-4D96-B53A-34ACA79CDE5F}.Debug|Any CPU.ActiveCfg = Debug|Any CPU
		{B083FC98-02D0-4D96-B53A-34ACA79CDE5F}.Debug|Any CPU.Build.0 = Debug|Any CPU
		{B083FC98-02D0-4D96-B53A-34ACA79CDE5F}.Release|Any CPU.ActiveCfg = Release|Any CPU
		{B083FC98-02D0-4D96-B53A-34ACA79CDE5F}.Release|Any CPU.Build.0 = Release|Any CPU
	EndGlobalSection
	GlobalSection(SolutionProperties) = preSolution
		HideSolutionNode = FALSE
	EndGlobalSection
	GlobalSection(ExtensibilityGlobals) = postSolution
		SolutionGuid = {1143B484-C39E-448B-9A75-73F219654AF6}
	EndGlobalSection
EndGlobal
