
Microsoft Visual Studio Solution File, Format Version 12.00
# Visual Studio Version 16
VisualStudioVersion = 16.0.29926.136
MinimumVisualStudioVersion = 10.0.40219.1
Project("{FAE04EC0-301F-11D3-BF4B-00C04F79EFBC}") = "IPCard", "IPCard\IPCard.csproj", "{F7518973-0421-464E-BB4C-9C66FAA3D110}"
EndProject
Global
	GlobalSection(SolutionConfigurationPlatforms) = preSolution
		Debug|Any CPU = Debug|Any CPU
		Release|Any CPU = Release|Any CPU
	EndGlobalSection
	GlobalSection(ProjectConfigurationPlatforms) = postSolution
		{F7518973-0421-464E-BB4C-9C66FAA3D110}.Debug|Any CPU.ActiveCfg = Debug|Any CPU
		{F7518973-0421-464E-BB4C-9C66FAA3D110}.Debug|Any CPU.Build.0 = Debug|Any CPU
		{F7518973-0421-464E-BB4C-9C66FAA3D110}.Release|Any CPU.ActiveCfg = Release|Any CPU
		{F7518973-0421-464E-BB4C-9C66FAA3D110}.Release|Any CPU.Build.0 = Release|Any CPU
	EndGlobalSection
	GlobalSection(SolutionProperties) = preSolution
		HideSolutionNode = FALSE
	EndGlobalSection
	GlobalSection(ExtensibilityGlobals) = postSolution
		SolutionGuid = {4D4ACD63-52CB-4229-9B6A-EDA2063BF8A9}
	EndGlobalSection
EndGlobal
